
Microsoft Visual Studio Solution File, Format Version 12.00
# Visual Studio Version 17
VisualStudioVersion = 17.5.002.0
MinimumVisualStudioVersion = 10.0.40219.1
Project("{9A19103F-16F7-4668-BE54-9A1E7A4F7556}") = "DiceGame", "DiceGame.csproj", "{DEF70F4D-C740-434C-98D8-EAF6A247CEAB}"
EndProject
Global
	GlobalSection(SolutionConfigurationPlatforms) = preSolution
		Debug|Any CPU = Debug|Any CPU
		Release|Any CPU = Release|Any CPU
	EndGlobalSection
	GlobalSection(ProjectConfigurationPlatforms) = postSolution
		{DEF70F4D-C740-434C-98D8-EAF6A247CEAB}.Debug|Any CPU.ActiveCfg = Debug|Any CPU
		{DEF70F4D-C740-434C-98D8-EAF6A247CEAB}.Debug|Any CPU.Build.0 = Debug|Any CPU
		{DEF70F4D-C740-434C-98D8-EAF6A247CEAB}.Release|Any CPU.ActiveCfg = Release|Any CPU
		{DEF70F4D-C740-434C-98D8-EAF6A247CEAB}.Release|Any CPU.Build.0 = Release|Any CPU
	EndGlobalSection
	GlobalSection(SolutionProperties) = preSolution
		HideSolutionNode = FALSE
	EndGlobalSection
	GlobalSection(ExtensibilityGlobals) = postSolution
		SolutionGuid = {C91286B4-252B-4BF2-8D90-91A53BD67EBD}
	EndGlobalSection
EndGlobal
